Microsoft Visual Studio Solution File, Format Version 12.00
# Visual Studio Version 17
VisualStudioVersion = 17.5.2.0
MinimumVisualStudioVersion = 10.0.40219.1
Project("{FAE04EC0-301F-11D3-BF4B-00C04F79EFBC}") = "FortIR", "FortIR.csproj", "{3ABAAE13-4933-574F-8C10-4E1D2F352750}"
EndProject
Global
	GlobalSection(SolutionConfigurationPlatforms) = preSolution
		Debug|Any CPU = Debug|Any CPU
		Release|Any CPU = Release|Any CPU
	EndGlobalSection
	GlobalSection(ProjectConfigurationPlatforms) = postSolution
		{3ABAAE13-4933-574F-8C10-4E1D2F352750}.Debug|Any CPU.ActiveCfg = Debug|Any CPU
		{3ABAAE13-4933-574F-8C10-4E1D2F352750}.Debug|Any CPU.Build.0 = Debug|Any CPU
		{3ABAAE13-4933-574F-8C10-4E1D2F352750}.Release|Any CPU.ActiveCfg = Release|Any CPU
		{3ABAAE13-4933-574F-8C10-4E1D2F352750}.Release|Any CPU.Build.0 = Release|Any CPU
	EndGlobalSection
	GlobalSection(SolutionProperties) = preSolution
		HideSolutionNode = FALSE
	EndGlobalSection
	GlobalSection(ExtensibilityGlobals) = postSolution
		SolutionGuid = {50031B6A-D895-4B48-B3EA-5BD1B7DD7F89}
	EndGlobalSection
EndGlobal
